
Microsoft Visual Studio Solution File, Format Version 12.00
# Visual Studio 15
VisualStudioVersion = 15.0.28010.2019
MinimumVisualStudioVersion = 10.0.40219.1
Project("{FAE04EC0-301F-11D3-BF4B-00C04F79EFBC}") = "Lab1", "Lab1\Lab1.csproj", "{11D381AC-57FE-4A22-8C20-28283902CDA3}"
EndProject
Project("{FAE04EC0-301F-11D3-BF4B-00C04F79EFBC}") = "Lab1.Tests", "Lab1.Tests\Lab1.Tests.csproj", "{05702193-5980-43FA-B360-9234FC5651D7}"
EndProject
Global
	GlobalSection(SolutionConfigurationPlatforms) = preSolution
		Debug|Any CPU = Debug|Any CPU
		Release|Any CPU = Release|Any CPU
	EndGlobalSection
	GlobalSection(ProjectConfigurationPlatforms) = postSolution
		{11D381AC-57FE-4A22-8C20-28283902CDA3}.Debug|Any CPU.ActiveCfg = Debug|Any CPU
		{11D381AC-57FE-4A22-8C20-28283902CDA3}.Debug|Any CPU.Build.0 = Debug|Any CPU
		{11D381AC-57FE-4A22-8C20-28283902CDA3}.Release|Any CPU.ActiveCfg = Release|Any CPU
		{11D381AC-57FE-4A22-8C20-28283902CDA3}.Release|Any CPU.Build.0 = Release|Any CPU
		{05702193-5980-43FA-B360-9234FC5651D7}.Debug|Any CPU.ActiveCfg = Debug|Any CPU
		{05702193-5980-43FA-B360-9234FC5651D7}.Debug|Any CPU.Build.0 = Debug|Any CPU
		{05702193-5980-43FA-B360-9234FC5651D7}.Release|Any CPU.ActiveCfg = Release|Any CPU
		{05702193-5980-43FA-B360-9234FC5651D7}.Release|Any CPU.Build.0 = Release|Any CPU
	EndGlobalSection
	GlobalSection(SolutionProperties) = preSolution
		HideSolutionNode = FALSE
	EndGlobalSection
	GlobalSection(ExtensibilityGlobals) = postSolution
		SolutionGuid = {AF54BB6B-9627-44D0-A8C2-21789B2D7797}
	EndGlobalSection
EndGlobal
